
Microsoft Visual Studio Solution File, Format Version 12.00
# Visual Studio Version 17
VisualStudioVersion = 17.1.32319.34
MinimumVisualStudioVersion = 10.0.40219.1
Project("{9A19103F-16F7-4668-BE54-9A1E7A4F7556}") = "SJ.Challenger", "SJ.Challenger\SJ.Challenger.csproj", "{39F9E555-37F6-47B7-A02A-8F0B7C7F65DB}"
EndProject
Project("{FAE04EC0-301F-11D3-BF4B-00C04F79EFBC}") = "SJ.Challenger.Specs", "SJ.Challenger.Specs\SJ.Challenger.Specs.csproj", "{AC22DC89-C960-4832-B00D-47A3DE036F9B}"
EndProject
Global
	GlobalSection(SolutionConfigurationPlatforms) = preSolution
		Debug|Any CPU = Debug|Any CPU
		Release|Any CPU = Release|Any CPU
	EndGlobalSection
	GlobalSection(ProjectConfigurationPlatforms) = postSolution
		{39F9E555-37F6-47B7-A02A-8F0B7C7F65DB}.Debug|Any CPU.ActiveCfg = Debug|Any CPU
		{39F9E555-37F6-47B7-A02A-8F0B7C7F65DB}.Debug|Any CPU.Build.0 = Debug|Any CPU
		{39F9E555-37F6-47B7-A02A-8F0B7C7F65DB}.Release|Any CPU.ActiveCfg = Release|Any CPU
		{39F9E555-37F6-47B7-A02A-8F0B7C7F65DB}.Release|Any CPU.Build.0 = Release|Any CPU
		{AC22DC89-C960-4832-B00D-47A3DE036F9B}.Debug|Any CPU.ActiveCfg = Debug|Any CPU
		{AC22DC89-C960-4832-B00D-47A3DE036F9B}.Debug|Any CPU.Build.0 = Debug|Any CPU
		{AC22DC89-C960-4832-B00D-47A3DE036F9B}.Release|Any CPU.ActiveCfg = Release|Any CPU
		{AC22DC89-C960-4832-B00D-47A3DE036F9B}.Release|Any CPU.Build.0 = Release|Any CPU
	EndGlobalSection
	GlobalSection(SolutionProperties) = preSolution
		HideSolutionNode = FALSE
	EndGlobalSection
	GlobalSection(ExtensibilityGlobals) = postSolution
		SolutionGuid = {5554B4DC-860A-4936-80C1-775B1584CC1B}
	EndGlobalSection
EndGlobal
